// !$*UTF8*$!
{
	archiveVersion = 1;
	classes = {
	};
	objectVersion = 56;
	objects = {

/* Begin PBXBuildFile section */
		3F1B74102C0FC1EA00210E1A /* WBApp.swift in Sources */ = {isa = PBXBuildFile; fileRef = 3F1B740F2C0FC1EA00210E1A /* WBApp.swift */; };
		3F1B74122C0FC1EA00210E1A /* ContentView.swift in Sources */ = {isa = PBXBuildFile; fileRef = 3F1B74112C0FC1EA00210E1A /* ContentView.swift */; };
		3F1B74142C0FC1ED00210E1A /* Assets.xcassets in Resources */ = {isa = PBXBuildFile; fileRef = 3F1B74132C0FC1ED00210E1A /* Assets.xcassets */; };
		3F1B74172C0FC1ED00210E1A /* Preview Assets.xcassets in Resources */ = {isa = PBXBuildFile; fileRef = 3F1B74162C0FC1ED00210E1A /* Preview Assets.xcassets */; };
		3F1B741E2C108D8600210E1A /* ProceedButton.swift in Sources */ = {isa = PBXBuildFile; fileRef = 3F1B741D2C108D8600210E1A /* ProceedButton.swift */; };
		3F1B74222C108D9900210E1A /* TextLinkButton.swift in Sources */ = {isa = PBXBuildFile; fileRef = 3F1B74212C108D9900210E1A /* TextLinkButton.swift */; };
		3F1B74272C108E6D00210E1A /* WBFont.swift in Sources */ = {isa = PBXBuildFile; fileRef = 3F1B74262C108E6D00210E1A /* WBFont.swift */; };
		3F1B742E2C109F6C00210E1A /* OnboardingView.swift in Sources */ = {isa = PBXBuildFile; fileRef = 3F1B742D2C109F6C00210E1A /* OnboardingView.swift */; };
		3F1B74312C10A29200210E1A /* TabView.swift in Sources */ = {isa = PBXBuildFile; fileRef = 3F1B74302C10A29200210E1A /* TabView.swift */; };
		3F1B74362C10A42D00210E1A /* MoreScreen.swift in Sources */ = {isa = PBXBuildFile; fileRef = 3F1B74352C10A42D00210E1A /* MoreScreen.swift */; };
		3F1B74382C10A44200210E1A /* ChatsScreen.swift in Sources */ = {isa = PBXBuildFile; fileRef = 3F1B74372C10A44200210E1A /* ChatsScreen.swift */; };
		3F1B743A2C10A45000210E1A /* ContactsScreen.swift in Sources */ = {isa = PBXBuildFile; fileRef = 3F1B74392C10A45000210E1A /* ContactsScreen.swift */; };
		3F1B743F2C10A99900210E1A /* Localizable.strings in Resources */ = {isa = PBXBuildFile; fileRef = 3F1B74412C10A99900210E1A /* Localizable.strings */; };
		3F1B74452C10AAB100210E1A /* String+Extension.swift in Sources */ = {isa = PBXBuildFile; fileRef = 3F1B74442C10AAB100210E1A /* String+Extension.swift */; };
		3F1B74472C10AAD700210E1A /* WBKeys.swift in Sources */ = {isa = PBXBuildFile; fileRef = 3F1B74462C10AAD700210E1A /* WBKeys.swift */; };
		3F1B74492C10AE0C00210E1A /* Icons.swift in Sources */ = {isa = PBXBuildFile; fileRef = 3F1B74482C10AE0C00210E1A /* Icons.swift */; };
		3F1B744B2C10AFD500210E1A /* Constants.swift in Sources */ = {isa = PBXBuildFile; fileRef = 3F1B744A2C10AFD500210E1A /* Constants.swift */; };
/* End PBXBuildFile section */

/* Begin PBXFileReference section */
		3F1B740C2C0FC1EA00210E1A /* WB_App.app */ = {isa = PBXFileReference; explicitFileType = wrapper.application; includeInIndex = 0; path = WB_App.app; sourceTree = BUILT_PRODUCTS_DIR; };
		3F1B740F2C0FC1EA00210E1A /* WBApp.swift */ = {isa = PBXFileReference; lastKnownFileType = sourcecode.swift; path = WBApp.swift; sourceTree = "<group>"; };
		3F1B74112C0FC1EA00210E1A /* ContentView.swift */ = {isa = PBXFileReference; lastKnownFileType = sourcecode.swift; path = ContentView.swift; sourceTree = "<group>"; };
		3F1B74132C0FC1ED00210E1A /* Assets.xcassets */ = {isa = PBXFileReference; lastKnownFileType = folder.assetcatalog; path = Assets.xcassets; sourceTree = "<group>"; };
		3F1B74162C0FC1ED00210E1A /* Preview Assets.xcassets */ = {isa = PBXFileReference; lastKnownFileType = folder.assetcatalog; path = "Preview Assets.xcassets"; sourceTree = "<group>"; };
		3F1B741D2C108D8600210E1A /* ProceedButton.swift */ = {isa = PBXFileReference; lastKnownFileType = sourcecode.swift; path = ProceedButton.swift; sourceTree = "<group>"; };
		3F1B74212C108D9900210E1A /* TextLinkButton.swift */ = {isa = PBXFileReference; lastKnownFileType = sourcecode.swift; path = TextLinkButton.swift; sourceTree = "<group>"; };
		3F1B74262C108E6D00210E1A /* WBFont.swift */ = {isa = PBXFileReference; lastKnownFileType = sourcecode.swift; path = WBFont.swift; sourceTree = "<group>"; };
		3F1B742D2C109F6C00210E1A /* OnboardingView.swift */ = {isa = PBXFileReference; lastKnownFileType = sourcecode.swift; path = OnboardingView.swift; sourceTree = "<group>"; };
		3F1B74302C10A29200210E1A /* TabView.swift */ = {isa = PBXFileReference; lastKnownFileType = sourcecode.swift; path = TabView.swift; sourceTree = "<group>"; };
		3F1B74352C10A42D00210E1A /* MoreScreen.swift */ = {isa = PBXFileReference; lastKnownFileType = sourcecode.swift; path = MoreScreen.swift; sourceTree = "<group>"; };
		3F1B74372C10A44200210E1A /* ChatsScreen.swift */ = {isa = PBXFileReference; lastKnownFileType = sourcecode.swift; path = ChatsScreen.swift; sourceTree = "<group>"; };
		3F1B74392C10A45000210E1A /* ContactsScreen.swift */ = {isa = PBXFileReference; lastKnownFileType = sourcecode.swift; path = ContactsScreen.swift; sourceTree = "<group>"; };
		3F1B74402C10A99900210E1A /* en */ = {isa = PBXFileReference; lastKnownFileType = text.plist.strings; name = en; path = en.lproj/Localizable.strings; sourceTree = "<group>"; };
		3F1B74422C10A99E00210E1A /* ru */ = {isa = PBXFileReference; lastKnownFileType = text.plist.strings; name = ru; path = ru.lproj/Localizable.strings; sourceTree = "<group>"; };
		3F1B74442C10AAB100210E1A /* String+Extension.swift */ = {isa = PBXFileReference; lastKnownFileType = sourcecode.swift; path = "String+Extension.swift"; sourceTree = "<group>"; };
		3F1B74462C10AAD700210E1A /* WBKeys.swift */ = {isa = PBXFileReference; lastKnownFileType = sourcecode.swift; path = WBKeys.swift; sourceTree = "<group>"; };
		3F1B74482C10AE0C00210E1A /* Icons.swift */ = {isa = PBXFileReference; lastKnownFileType = sourcecode.swift; path = Icons.swift; sourceTree = "<group>"; };
		3F1B744A2C10AFD500210E1A /* Constants.swift */ = {isa = PBXFileReference; lastKnownFileType = sourcecode.swift; path = Constants.swift; sourceTree = "<group>"; };
/* End PBXFileReference section */

/* Begin PBXFrameworksBuildPhase section */
		3F1B74092C0FC1EA00210E1A /* Frameworks */ = {
			isa = PBXFrameworksBuildPhase;
			buildActionMask = 2147483647;
			files = (
			);
			runOnlyForDeploymentPostprocessing = 0;
		};
/* End PBXFrameworksBuildPhase section */

/* Begin PBXGroup section */
		3F1B74032C0FC1EA00210E1A = {
			isa = PBXGroup;
			children = (
				3F1B740E2C0FC1EA00210E1A /* WB_App */,
				3F1B740D2C0FC1EA00210E1A /* Products */,
			);
			sourceTree = "<group>";
		};
		3F1B740D2C0FC1EA00210E1A /* Products */ = {
			isa = PBXGroup;
			children = (
				3F1B740C2C0FC1EA00210E1A /* WB_App.app */,
			);
			name = Products;
			sourceTree = "<group>";
		};
		3F1B740E2C0FC1EA00210E1A /* WB_App */ = {
			isa = PBXGroup;
			children = (
				3F1B74292C109EE300210E1A /* Sources */,
				3F1B74282C109EDE00210E1A /* Resources */,
			);
			path = WB_App;
			sourceTree = "<group>";
		};
		3F1B74152C0FC1ED00210E1A /* Preview Content */ = {
			isa = PBXGroup;
			children = (
				3F1B74162C0FC1ED00210E1A /* Preview Assets.xcassets */,
			);
			path = "Preview Content";
			sourceTree = "<group>";
		};
		3F1B74232C108E4000210E1A /* CustomUI */ = {
			isa = PBXGroup;
			children = (
				3F1B744C2C10B01E00210E1A /* Buttons */,
			);
			path = CustomUI;
			sourceTree = "<group>";
		};
		3F1B74242C108E4E00210E1A /* Fonts */ = {
			isa = PBXGroup;
			children = (
				3F1B74262C108E6D00210E1A /* WBFont.swift */,
			);
			path = Fonts;
			sourceTree = "<group>";
		};
		3F1B74252C108E5B00210E1A /* Extensions */ = {
			isa = PBXGroup;
			children = (
				3F1B74442C10AAB100210E1A /* String+Extension.swift */,
			);
			path = Extensions;
			sourceTree = "<group>";
		};
		3F1B74282C109EDE00210E1A /* Resources */ = {
			isa = PBXGroup;
			children = (
				3F1B74432C10A9BB00210E1A /* Localizable */,
				3F1B74242C108E4E00210E1A /* Fonts */,
				3F1B74152C0FC1ED00210E1A /* Preview Content */,
				3F1B74132C0FC1ED00210E1A /* Assets.xcassets */,
				3F1B74482C10AE0C00210E1A /* Icons.swift */,
				3F1B744A2C10AFD500210E1A /* Constants.swift */,
			);
			path = Resources;
			sourceTree = "<group>";
		};
		3F1B74292C109EE300210E1A /* Sources */ = {
			isa = PBXGroup;
			children = (
				3F1B742B2C109F5700210E1A /* Modules */,
				3F1B74232C108E4000210E1A /* CustomUI */,
				3F1B742A2C109F4C00210E1A /* App */,
				3F1B74252C108E5B00210E1A /* Extensions */,
			);
			path = Sources;
			sourceTree = "<group>";
		};
		3F1B742A2C109F4C00210E1A /* App */ = {
			isa = PBXGroup;
			children = (
				3F1B740F2C0FC1EA00210E1A /* WBApp.swift */,
				3F1B74112C0FC1EA00210E1A /* ContentView.swift */,
			);
			path = App;
			sourceTree = "<group>";
		};
		3F1B742B2C109F5700210E1A /* Modules */ = {
			isa = PBXGroup;
			children = (
				3F1B74532C13372000210E1A /* TabFlow */,
				3F1B742C2C109F5C00210E1A /* Onboarding */,
			);
			path = Modules;
			sourceTree = "<group>";
		};
		3F1B742C2C109F5C00210E1A /* Onboarding */ = {
			isa = PBXGroup;
			children = (
				3F1B742D2C109F6C00210E1A /* OnboardingView.swift */,
			);
			path = Onboarding;
			sourceTree = "<group>";
		};
		3F1B742F2C10A28700210E1A /* TabView */ = {
			isa = PBXGroup;
			children = (
				3F1B74302C10A29200210E1A /* TabView.swift */,
			);
			path = TabView;
			sourceTree = "<group>";
		};
		3F1B74322C10A3F600210E1A /* ContactsScreen */ = {
			isa = PBXGroup;
			children = (
				3F1B74392C10A45000210E1A /* ContactsScreen.swift */,
			);
			path = ContactsScreen;
			sourceTree = "<group>";
		};
		3F1B74332C10A40600210E1A /* ChatsScreen */ = {
			isa = PBXGroup;
			children = (
				3F1B74372C10A44200210E1A /* ChatsScreen.swift */,
			);
			path = ChatsScreen;
			sourceTree = "<group>";
		};
		3F1B74342C10A42500210E1A /* MoreScreen */ = {
			isa = PBXGroup;
			children = (
				3F1B74352C10A42D00210E1A /* MoreScreen.swift */,
			);
			path = MoreScreen;
			sourceTree = "<group>";
		};
		3F1B74432C10A9BB00210E1A /* Localizable */ = {
			isa = PBXGroup;
			children = (
				3F1B74412C10A99900210E1A /* Localizable.strings */,
				3F1B74462C10AAD700210E1A /* WBKeys.swift */,
			);
			path = Localizable;
			sourceTree = "<group>";
		};
		3F1B744C2C10B01E00210E1A /* Buttons */ = {
			isa = PBXGroup;
			children = (
				3F1B741D2C108D8600210E1A /* ProceedButton.swift */,
				3F1B74212C108D9900210E1A /* TextLinkButton.swift */,
			);
			path = Buttons;
			sourceTree = "<group>";
		};
		3F1B74532C13372000210E1A /* TabFlow */ = {
			isa = PBXGroup;
			children = (
				3F1B74342C10A42500210E1A /* MoreScreen */,
				3F1B74332C10A40600210E1A /* ChatsScreen */,
				3F1B74322C10A3F600210E1A /* ContactsScreen */,
				3F1B742F2C10A28700210E1A /* TabView */,
			);
			path = TabFlow;
			sourceTree = "<group>";
		};
/* End PBXGroup section */

/* Begin PBXNativeTarget section */
		3F1B740B2C0FC1EA00210E1A /* WB_App */ = {
			isa = PBXNativeTarget;
			buildConfigurationList = 3F1B741A2C0FC1ED00210E1A /* Build configuration list for PBXNativeTarget "WB_App" */;
			buildPhases = (
				3F1B74082C0FC1EA00210E1A /* Sources */,
				3F1B74092C0FC1EA00210E1A /* Frameworks */,
				3F1B740A2C0FC1EA00210E1A /* Resources */,
			);
			buildRules = (
			);
			dependencies = (
			);
			name = WB_App;
			productName = WB_App;
			productReference = 3F1B740C2C0FC1EA00210E1A /* WB_App.app */;
			productType = "com.apple.product-type.application";
		};
/* End PBXNativeTarget section */

/* Begin PBXProject section */
		3F1B74042C0FC1EA00210E1A /* Project object */ = {
			isa = PBXProject;
			attributes = {
				BuildIndependentTargetsInParallel = 1;
				LastSwiftUpdateCheck = 1500;
				LastUpgradeCheck = 1500;
				TargetAttributes = {
					3F1B740B2C0FC1EA00210E1A = {
						CreatedOnToolsVersion = 15.0.1;
					};
				};
			};
			buildConfigurationList = 3F1B74072C0FC1EA00210E1A /* Build configuration list for PBXProject "WB_App" */;
			compatibilityVersion = "Xcode 14.0";
			developmentRegion = en;
			hasScannedForEncodings = 0;
			knownRegions = (
				en,
				Base,
				ru,
			);
			mainGroup = 3F1B74032C0FC1EA00210E1A;
			productRefGroup = 3F1B740D2C0FC1EA00210E1A /* Products */;
			projectDirPath = "";
			projectRoot = "";
			targets = (
				3F1B740B2C0FC1EA00210E1A /* WB_App */,
			);
		};
/* End PBXProject section */

/* Begin PBXResourcesBuildPhase section */
		3F1B740A2C0FC1EA00210E1A /* Resources */ = {
			isa = PBXResourcesBuildPhase;
			buildActionMask = 2147483647;
			files = (
				3F1B74172C0FC1ED00210E1A /* Preview Assets.xcassets in Resources */,
				3F1B743F2C10A99900210E1A /* Localizable.strings in Resources */,
				3F1B74142C0FC1ED00210E1A /* Assets.xcassets in Resources */,
			);
			runOnlyForDeploymentPostprocessing = 0;
		};
/* End PBXResourcesBuildPhase section */

/* Begin PBXSourcesBuildPhase section */
		3F1B74082C0FC1EA00210E1A /* Sources */ = {
			isa = PBXSourcesBuildPhase;
			buildActionMask = 2147483647;
			files = (
				3F1B74492C10AE0C00210E1A /* Icons.swift in Sources */,
				3F1B74472C10AAD700210E1A /* WBKeys.swift in Sources */,
				3F1B74122C0FC1EA00210E1A /* ContentView.swift in Sources */,
				3F1B74452C10AAB100210E1A /* String+Extension.swift in Sources */,
				3F1B741E2C108D8600210E1A /* ProceedButton.swift in Sources */,
				3F1B74272C108E6D00210E1A /* WBFont.swift in Sources */,
				3F1B742E2C109F6C00210E1A /* OnboardingView.swift in Sources */,
				3F1B74382C10A44200210E1A /* ChatsScreen.swift in Sources */,
				3F1B74312C10A29200210E1A /* TabView.swift in Sources */,
				3F1B74222C108D9900210E1A /* TextLinkButton.swift in Sources */,
				3F1B74362C10A42D00210E1A /* MoreScreen.swift in Sources */,
				3F1B744B2C10AFD500210E1A /* Constants.swift in Sources */,
				3F1B743A2C10A45000210E1A /* ContactsScreen.swift in Sources */,
				3F1B74102C0FC1EA00210E1A /* WBApp.swift in Sources */,
			);
			runOnlyForDeploymentPostprocessing = 0;
		};
/* End PBXSourcesBuildPhase section */

/* Begin PBXVariantGroup section */
		3F1B74412C10A99900210E1A /* Localizable.strings */ = {
			isa = PBXVariantGroup;
			children = (
				3F1B74402C10A99900210E1A /* en */,
				3F1B74422C10A99E00210E1A /* ru */,
			);
			name = Localizable.strings;
			sourceTree = "<group>";
		};
/* End PBXVariantGroup section */

/* Begin XCBuildConfiguration section */
		3F1B74182C0FC1ED00210E1A /* Debug */ = {
			isa = XCBuildConfiguration;
			buildSettings = {
				ALWAYS_SEARCH_USER_PATHS = NO;
				ASSETCATALOG_COMPILER_GENERATE_SWIFT_ASSET_SYMBOL_EXTENSIONS = YES;
				CLANG_ANALYZER_NONNULL = YES;
				CLANG_ANALYZER_NUMBER_OBJECT_CONVERSION = YES_AGGRESSIVE;
				CLANG_CXX_LANGUAGE_STANDARD = "gnu++20";
				CLANG_ENABLE_MODULES = YES;
				CLANG_ENABLE_OBJC_ARC = YES;
				CLANG_ENABLE_OBJC_WEAK = YES;
				CLANG_WARN_BLOCK_CAPTURE_AUTORELEASING = YES;
				CLANG_WARN_BOOL_CONVERSION = YES;
				CLANG_WARN_COMMA = YES;
				CLANG_WARN_CONSTANT_CONVERSION = YES;
				CLANG_WARN_DEPRECATED_OBJC_IMPLEMENTATIONS = YES;
				CLANG_WARN_DIRECT_OBJC_ISA_USAGE = YES_ERROR;
				CLANG_WARN_DOCUMENTATION_COMMENTS = YES;
				CLANG_WARN_EMPTY_BODY = YES;
				CLANG_WARN_ENUM_CONVERSION = YES;
				CLANG_WARN_INFINITE_RECURSION = YES;
				CLANG_WARN_INT_CONVERSION = YES;
				CLANG_WARN_NON_LITERAL_NULL_CONVERSION = YES;
				CLANG_WARN_OBJC_IMPLICIT_RETAIN_SELF = YES;
				CLANG_WARN_OBJC_LITERAL_CONVERSION = YES;
				CLANG_WARN_OBJC_ROOT_CLASS = YES_ERROR;
				CLANG_WARN_QUOTED_INCLUDE_IN_FRAMEWORK_HEADER = YES;
				CLANG_WARN_RANGE_LOOP_ANALYSIS = YES;
				CLANG_WARN_STRICT_PROTOTYPES = YES;
				CLANG_WARN_SUSPICIOUS_MOVE = YES;
				CLANG_WARN_UNGUARDED_AVAILABILITY = YES_AGGRESSIVE;
				CLANG_WARN_UNREACHABLE_CODE = YES;
				CLANG_WARN__DUPLICATE_METHOD_MATCH = YES;
				COPY_PHASE_STRIP = NO;
				DEBUG_INFORMATION_FORMAT = dwarf;
				ENABLE_STRICT_OBJC_MSGSEND = YES;
				ENABLE_TESTABILITY = YES;
				ENABLE_USER_SCRIPT_SANDBOXING = YES;
				GCC_C_LANGUAGE_STANDARD = gnu17;
				GCC_DYNAMIC_NO_PIC = NO;
				GCC_NO_COMMON_BLOCKS = YES;
				GCC_OPTIMIZATION_LEVEL = 0;
				GCC_PREPROCESSOR_DEFINITIONS = (
					"DEBUG=1",
					"$(inherited)",
				);
				GCC_WARN_64_TO_32_BIT_CONVERSION = YES;
				GCC_WARN_ABOUT_RETURN_TYPE = YES_ERROR;
				GCC_WARN_UNDECLARED_SELECTOR = YES;
				GCC_WARN_UNINITIALIZED_AUTOS = YES_AGGRESSIVE;
				GCC_WARN_UNUSED_FUNCTION = YES;
				GCC_WARN_UNUSED_VARIABLE = YES;
				IPHONEOS_DEPLOYMENT_TARGET = 15.0;
				LOCALIZATION_PREFERS_STRING_CATALOGS = YES;
				MTL_ENABLE_DEBUG_INFO = INCLUDE_SOURCE;
				MTL_FAST_MATH = YES;
				ONLY_ACTIVE_ARCH = YES;
				SDKROOT = iphoneos;
				SWIFT_ACTIVE_COMPILATION_CONDITIONS = "DEBUG $(inherited)";
				SWIFT_OPTIMIZATION_LEVEL = "-Onone";
			};
			name = Debug;
		};
		3F1B74192C0FC1ED00210E1A /* Release */ = {
			isa = XCBuildConfiguration;
			buildSettings = {
				ALWAYS_SEARCH_USER_PATHS = NO;
				ASSETCATALOG_COMPILER_GENERATE_SWIFT_ASSET_SYMBOL_EXTENSIONS = YES;
				CLANG_ANALYZER_NONNULL = YES;
				CLANG_ANALYZER_NUMBER_OBJECT_CONVERSION = YES_AGGRESSIVE;
				CLANG_CXX_LANGUAGE_STANDARD = "gnu++20";
				CLANG_ENABLE_MODULES = YES;
				CLANG_ENABLE_OBJC_ARC = YES;
				CLANG_ENABLE_OBJC_WEAK = YES;
				CLANG_WARN_BLOCK_CAPTURE_AUTORELEASING = YES;
				CLANG_WARN_BOOL_CONVERSION = YES;
				CLANG_WARN_COMMA = YES;
				CLANG_WARN_CONSTANT_CONVERSION = YES;
				CLANG_WARN_DEPRECATED_OBJC_IMPLEMENTATIONS = YES;
				CLANG_WARN_DIRECT_OBJC_ISA_USAGE = YES_ERROR;
				CLANG_WARN_DOCUMENTATION_COMMENTS = YES;
				CLANG_WARN_EMPTY_BODY = YES;
				CLANG_WARN_ENUM_CONVERSION = YES;
				CLANG_WARN_INFINITE_RECURSION = YES;
				CLANG_WARN_INT_CONVERSION = YES;
				CLANG_WARN_NON_LITERAL_NULL_CONVERSION = YES;
				CLANG_WARN_OBJC_IMPLICIT_RETAIN_SELF = YES;
				CLANG_WARN_OBJC_LITERAL_CONVERSION = YES;
				CLANG_WARN_OBJC_ROOT_CLASS = YES_ERROR;
				CLANG_WARN_QUOTED_INCLUDE_IN_FRAMEWORK_HEADER = YES;
				CLANG_WARN_RANGE_LOOP_ANALYSIS = YES;
				CLANG_WARN_STRICT_PROTOTYPES = YES;
				CLANG_WARN_SUSPICIOUS_MOVE = YES;
				CLANG_WARN_UNGUARDED_AVAILABILITY = YES_AGGRESSIVE;
				CLANG_WARN_UNREACHABLE_CODE = YES;
				CLANG_WARN__DUPLICATE_METHOD_MATCH = YES;
				COPY_PHASE_STRIP = NO;
				DEBUG_INFORMATION_FORMAT = "dwarf-with-dsym";
				ENABLE_NS_ASSERTIONS = NO;
				ENABLE_STRICT_OBJC_MSGSEND = YES;
				ENABLE_USER_SCRIPT_SANDBOXING = YES;
				GCC_C_LANGUAGE_STANDARD = gnu17;
				GCC_NO_COMMON_BLOCKS = YES;
				GCC_WARN_64_TO_32_BIT_CONVERSION = YES;
				GCC_WARN_ABOUT_RETURN_TYPE = YES_ERROR;
				GCC_WARN_UNDECLARED_SELECTOR = YES;
				GCC_WARN_UNINITIALIZED_AUTOS = YES_AGGRESSIVE;
				GCC_WARN_UNUSED_FUNCTION = YES;
				GCC_WARN_UNUSED_VARIABLE = YES;
				IPHONEOS_DEPLOYMENT_TARGET = 15.0;
				LOCALIZATION_PREFERS_STRING_CATALOGS = YES;
				MTL_ENABLE_DEBUG_INFO = NO;
				MTL_FAST_MATH = YES;
				SDKROOT = iphoneos;
				SWIFT_COMPILATION_MODE = wholemodule;
				VALIDATE_PRODUCT = YES;
			};
			name = Release;
		};
		3F1B741B2C0FC1ED00210E1A /* Debug */ = {
			isa = XCBuildConfiguration;
			buildSettings = {
				ASSETCATALOG_COMPILER_APPICON_NAME = AppIcon;
				ASSETCATALOG_COMPILER_GLOBAL_ACCENT_COLOR_NAME = AccentColor;
				CODE_SIGN_STYLE = Automatic;
				CURRENT_PROJECT_VERSION = 1;
				DEVELOPMENT_ASSET_PATHS = "\"WB_App/Resources/Preview Content\"";
				DEVELOPMENT_TEAM = X5W2D75BZ8;
				ENABLE_PREVIEWS = YES;
				GENERATE_INFOPLIST_FILE = YES;
				INFOPLIST_KEY_UIApplicationSceneManifest_Generation = YES;
				INFOPLIST_KEY_UIApplicationSupportsIndirectInputEvents = YES;
				INFOPLIST_KEY_UILaunchScreen_Generation = YES;
				INFOPLIST_KEY_UIStatusBarStyle = "";
				INFOPLIST_KEY_UISupportedInterfaceOrientations = UIInterfaceOrientationPortrait;
				INFOPLIST_KEY_UISupportedInterfaceOrientations_iPad = "UIInterfaceOrientationLandscapeLeft UIInterfaceOrientationLandscapeRight UIInterfaceOrientationPortrait UIInterfaceOrientationPortraitUpsideDown";
				LD_RUNPATH_SEARCH_PATHS = (
					"$(inherited)",
					"@executable_path/Frameworks",
				);
				MARKETING_VERSION = 1.0;
				PRODUCT_BUNDLE_IDENTIFIER = "com.ya.WB-App";
				PRODUCT_NAME = "$(TARGET_NAME)";
				SUPPORTED_PLATFORMS = "iphoneos iphonesimulator";
				SUPPORTS_MACCATALYST = NO;
				SUPPORTS_MAC_DESIGNED_FOR_IPHONE_IPAD = NO;
				SWIFT_EMIT_LOC_STRINGS = YES;
				SWIFT_VERSION = 5.0;
				TARGETED_DEVICE_FAMILY = 1;
			};
			name = Debug;
		};
		3F1B741C2C0FC1ED00210E1A /* Release */ = {
			isa = XCBuildConfiguration;
			buildSettings = {
				ASSETCATALOG_COMPILER_APPICON_NAME = AppIcon;
				ASSETCATALOG_COMPILER_GLOBAL_ACCENT_COLOR_NAME = AccentColor;
				CODE_SIGN_STYLE = Automatic;
				CURRENT_PROJECT_VERSION = 1;
				DEVELOPMENT_ASSET_PATHS = "\"WB_App/Resources/Preview Content\"";
				DEVELOPMENT_TEAM = X5W2D75BZ8;
				ENABLE_PREVIEWS = YES;
				GENERATE_INFOPLIST_FILE = YES;
				INFOPLIST_KEY_UIApplicationSceneManifest_Generation = YES;
				INFOPLIST_KEY_UIApplicationSupportsIndirectInputEvents = YES;
				INFOPLIST_KEY_UILaunchScreen_Generation = YES;
				INFOPLIST_KEY_UIStatusBarStyle = "";
				INFOPLIST_KEY_UISupportedInterfaceOrientations = UIInterfaceOrientationPortrait;
				INFOPLIST_KEY_UISupportedInterfaceOrientations_iPad = "UIInterfaceOrientationLandscapeLeft UIInterfaceOrientationLandscapeRight UIInterfaceOrientationPortrait UIInterfaceOrientationPortraitUpsideDown";
				LD_RUNPATH_SEARCH_PATHS = (
					"$(inherited)",
					"@executable_path/Frameworks",
				);
				MARKETING_VERSION = 1.0;
				PRODUCT_BUNDLE_IDENTIFIER = "com.ya.WB-App";
				PRODUCT_NAME = "$(TARGET_NAME)";
				SUPPORTED_PLATFORMS = "iphoneos iphonesimulator";
				SUPPORTS_MACCATALYST = NO;
				SUPPORTS_MAC_DESIGNED_FOR_IPHONE_IPAD = NO;
				SWIFT_EMIT_LOC_STRINGS = YES;
				SWIFT_VERSION = 5.0;
				TARGETED_DEVICE_FAMILY = 1;
			};
			name = Release;
		};
/* End XCBuildConfiguration section */

/* Begin XCConfigurationList section */
		3F1B74072C0FC1EA00210E1A /* Build configuration list for PBXProject "WB_App" */ = {
			isa = XCConfigurationList;
			buildConfigurations = (
				3F1B74182C0FC1ED00210E1A /* Debug */,
				3F1B74192C0FC1ED00210E1A /* Release */,
			);
			defaultConfigurationIsVisible = 0;
			defaultConfigurationName = Release;
		};
		3F1B741A2C0FC1ED00210E1A /* Build configuration list for PBXNativeTarget "WB_App" */ = {
			isa = XCConfigurationList;
			buildConfigurations = (
				3F1B741B2C0FC1ED00210E1A /* Debug */,
				3F1B741C2C0FC1ED00210E1A /* Release */,
			);
			defaultConfigurationIsVisible = 0;
			defaultConfigurationName = Release;
		};
/* End XCConfigurationList section */
	};
	rootObject = 3F1B74042C0FC1EA00210E1A /* Project object */;
}
